
Microsoft Visual Studio Solution File, Format Version 12.00
# Visual Studio Version 17
VisualStudioVersion = 17.9.34701.34
MinimumVisualStudioVersion = 10.0.40219.1
Project("{9A19103F-16F7-4668-BE54-9A1E7A4F7556}") = "BlazorApp.Web", "BlazorApp.Web\BlazorApp.Web.csproj", "{EE64356E-11F8-4E39-BC50-36FA7F7348B7}"
EndProject
Global
	GlobalSection(SolutionConfigurationPlatforms) = preSolution
		Debug|Any CPU = Debug|Any CPU
		Release|Any CPU = Release|Any CPU
	EndGlobalSection
	GlobalSection(ProjectConfigurationPlatforms) = postSolution
		{EE64356E-11F8-4E39-BC50-36FA7F7348B7}.Debug|Any CPU.ActiveCfg = Debug|Any CPU
		{EE64356E-11F8-4E39-BC50-36FA7F7348B7}.Debug|Any CPU.Build.0 = Debug|Any CPU
		{EE64356E-11F8-4E39-BC50-36FA7F7348B7}.Release|Any CPU.ActiveCfg = Release|Any CPU
		{EE64356E-11F8-4E39-BC50-36FA7F7348B7}.Release|Any CPU.Build.0 = Release|Any CPU
	EndGlobalSection
	GlobalSection(SolutionProperties) = preSolution
		HideSolutionNode = FALSE
	EndGlobalSection
	GlobalSection(ExtensibilityGlobals) = postSolution
		SolutionGuid = {C83B7B18-D147-4C4C-BFE1-9240CF8E7A57}
	EndGlobalSection
EndGlobal
